
Microsoft Visual Studio Solution File, Format Version 12.00
# Visual Studio 2015
Project("{FAE04EC0-301F-11D3-BF4B-00C04F79EFBC}") = "UnityVS.TheLittlePowerPlant.CSharp", "UnityVS.TheLittlePowerPlant.CSharp.csproj", "{F769E9CA-CA6A-941C-E1D9-075AA044E92D}"
EndProject
Project("{FAE04EC0-301F-11D3-BF4B-00C04F79EFBC}") = "UnityVS.TheLittlePowerPlant.CSharp.Editor", "UnityVS.TheLittlePowerPlant.CSharp.Editor.csproj", "{21B4031F-5E8C-13AD-4BF5-3275407C255C}"
EndProject
Project("{FAE04EC0-301F-11D3-BF4B-00C04F79EFBC}") = "TLPPTC.Tests", "TLPPTC.Tests\TLPPTC.Tests.csproj", "{9E8B414B-7E29-439B-B0BA-492675DC49F9}"
EndProject
Global
	GlobalSection(SolutionConfigurationPlatforms) = preSolution
		Debug|Any CPU = Debug|Any CPU
		Release|Any CPU = Release|Any CPU
	EndGlobalSection
	GlobalSection(ProjectConfigurationPlatforms) = postSolution
		{F769E9CA-CA6A-941C-E1D9-075AA044E92D}.Debug|Any CPU.ActiveCfg = Debug|Any CPU
		{F769E9CA-CA6A-941C-E1D9-075AA044E92D}.Debug|Any CPU.Build.0 = Debug|Any CPU
		{F769E9CA-CA6A-941C-E1D9-075AA044E92D}.Release|Any CPU.ActiveCfg = Release|Any CPU
		{F769E9CA-CA6A-941C-E1D9-075AA044E92D}.Release|Any CPU.Build.0 = Release|Any CPU
		{21B4031F-5E8C-13AD-4BF5-3275407C255C}.Debug|Any CPU.ActiveCfg = Debug|Any CPU
		{21B4031F-5E8C-13AD-4BF5-3275407C255C}.Debug|Any CPU.Build.0 = Debug|Any CPU
		{21B4031F-5E8C-13AD-4BF5-3275407C255C}.Release|Any CPU.ActiveCfg = Release|Any CPU
		{21B4031F-5E8C-13AD-4BF5-3275407C255C}.Release|Any CPU.Build.0 = Release|Any CPU
		{9E8B414B-7E29-439B-B0BA-492675DC49F9}.Debug|Any CPU.ActiveCfg = Debug|Any CPU
		{9E8B414B-7E29-439B-B0BA-492675DC49F9}.Debug|Any CPU.Build.0 = Debug|Any CPU
		{9E8B414B-7E29-439B-B0BA-492675DC49F9}.Release|Any CPU.ActiveCfg = Release|Any CPU
		{9E8B414B-7E29-439B-B0BA-492675DC49F9}.Release|Any CPU.Build.0 = Release|Any CPU
	EndGlobalSection
	GlobalSection(SolutionProperties) = preSolution
		HideSolutionNode = FALSE
	EndGlobalSection
EndGlobal
